
Microsoft Visual Studio Solution File, Format Version 12.00
# Visual Studio 14
VisualStudioVersion = 14.0.25420.1
MinimumVisualStudioVersion = 10.0.40219.1
Project("{FAE04EC0-301F-11D3-BF4B-00C04F79EFBC}") = "WebIOC.MVC", "WebIOC.MVC\WebIOC.MVC.csproj", "{206D2E23-0101-47F8-9927-AEDE3113F573}"
EndProject
Project("{FAE04EC0-301F-11D3-BF4B-00C04F79EFBC}") = "Business", "Business\Business.csproj", "{49B4A09C-7398-4C66-AB43-C08113775E1E}"
EndProject
Global
	GlobalSection(SolutionConfigurationPlatforms) = preSolution
		Debug|Any CPU = Debug|Any CPU
		Release|Any CPU = Release|Any CPU
	EndGlobalSection
	GlobalSection(ProjectConfigurationPlatforms) = postSolution
		{206D2E23-0101-47F8-9927-AEDE3113F573}.Debug|Any CPU.ActiveCfg = Debug|Any CPU
		{206D2E23-0101-47F8-9927-AEDE3113F573}.Debug|Any CPU.Build.0 = Debug|Any CPU
		{206D2E23-0101-47F8-9927-AEDE3113F573}.Release|Any CPU.ActiveCfg = Release|Any CPU
		{206D2E23-0101-47F8-9927-AEDE3113F573}.Release|Any CPU.Build.0 = Release|Any CPU
		{49B4A09C-7398-4C66-AB43-C08113775E1E}.Debug|Any CPU.ActiveCfg = Debug|Any CPU
		{49B4A09C-7398-4C66-AB43-C08113775E1E}.Debug|Any CPU.Build.0 = Debug|Any CPU
		{49B4A09C-7398-4C66-AB43-C08113775E1E}.Release|Any CPU.ActiveCfg = Release|Any CPU
		{49B4A09C-7398-4C66-AB43-C08113775E1E}.Release|Any CPU.Build.0 = Release|Any CPU
	EndGlobalSection
	GlobalSection(SolutionProperties) = preSolution
		HideSolutionNode = FALSE
	EndGlobalSection
EndGlobal
